
Microsoft Visual Studio Solution File, Format Version 12.00
# Visual Studio Version 16
VisualStudioVersion = 16.0.29201.188
MinimumVisualStudioVersion = 10.0.40219.1
Project("{FAE04EC0-301F-11D3-BF4B-00C04F79EFBC}") = "MainApp", "MainApp.csproj", "{B582312B-CB80-42A8-9F99-BFE1ABF57AC7}"
EndProject
Project("{FAE04EC0-301F-11D3-BF4B-00C04F79EFBC}") = "Task1", "..\Task1\Task1.csproj", "{42C2FBE0-AC49-4A0F-A705-F3937AF41C83}"
EndProject
Project("{FAE04EC0-301F-11D3-BF4B-00C04F79EFBC}") = "Task2", "..\Task2\Task2.csproj", "{99FF076A-ED72-4C4E-88C6-9AC2AE063296}"
EndProject
Global
	GlobalSection(SolutionConfigurationPlatforms) = preSolution
		Debug|Any CPU = Debug|Any CPU
		Release|Any CPU = Release|Any CPU
	EndGlobalSection
	GlobalSection(ProjectConfigurationPlatforms) = postSolution
		{B582312B-CB80-42A8-9F99-BFE1ABF57AC7}.Debug|Any CPU.ActiveCfg = Debug|Any CPU
		{B582312B-CB80-42A8-9F99-BFE1ABF57AC7}.Debug|Any CPU.Build.0 = Debug|Any CPU
		{B582312B-CB80-42A8-9F99-BFE1ABF57AC7}.Release|Any CPU.ActiveCfg = Release|Any CPU
		{B582312B-CB80-42A8-9F99-BFE1ABF57AC7}.Release|Any CPU.Build.0 = Release|Any CPU
		{42C2FBE0-AC49-4A0F-A705-F3937AF41C83}.Debug|Any CPU.ActiveCfg = Debug|Any CPU
		{42C2FBE0-AC49-4A0F-A705-F3937AF41C83}.Debug|Any CPU.Build.0 = Debug|Any CPU
		{42C2FBE0-AC49-4A0F-A705-F3937AF41C83}.Release|Any CPU.ActiveCfg = Release|Any CPU
		{42C2FBE0-AC49-4A0F-A705-F3937AF41C83}.Release|Any CPU.Build.0 = Release|Any CPU
		{99FF076A-ED72-4C4E-88C6-9AC2AE063296}.Debug|Any CPU.ActiveCfg = Debug|Any CPU
		{99FF076A-ED72-4C4E-88C6-9AC2AE063296}.Debug|Any CPU.Build.0 = Debug|Any CPU
		{99FF076A-ED72-4C4E-88C6-9AC2AE063296}.Release|Any CPU.ActiveCfg = Release|Any CPU
		{99FF076A-ED72-4C4E-88C6-9AC2AE063296}.Release|Any CPU.Build.0 = Release|Any CPU
	EndGlobalSection
	GlobalSection(SolutionProperties) = preSolution
		HideSolutionNode = FALSE
	EndGlobalSection
	GlobalSection(ExtensibilityGlobals) = postSolution
		SolutionGuid = {621C55E3-AFC7-4D6F-A22D-2E53C060EEFC}
	EndGlobalSection
EndGlobal
